
Microsoft Visual Studio Solution File, Format Version 12.00
# Visual Studio Version 17
VisualStudioVersion = 17.9.34701.34
MinimumVisualStudioVersion = 10.0.40219.1
Project("{9A19103F-16F7-4668-BE54-9A1E7A4F7556}") = "APIC.Tests", "APIC.Tests.csproj", "{CAE013FE-3666-4363-8054-61B28C1F7E7A}"
EndProject
Project("{9A19103F-16F7-4668-BE54-9A1E7A4F7556}") = "APIC", "..\APIC\APIC.csproj", "{6E2AD047-930A-48EA-9F0D-79B76CD4BAC0}"
EndProject
Global
	GlobalSection(SolutionConfigurationPlatforms) = preSolution
		Debug|Any CPU = Debug|Any CPU
		Release|Any CPU = Release|Any CPU
	EndGlobalSection
	GlobalSection(ProjectConfigurationPlatforms) = postSolution
		{CAE013FE-3666-4363-8054-61B28C1F7E7A}.Debug|Any CPU.ActiveCfg = Debug|Any CPU
		{CAE013FE-3666-4363-8054-61B28C1F7E7A}.Debug|Any CPU.Build.0 = Debug|Any CPU
		{CAE013FE-3666-4363-8054-61B28C1F7E7A}.Release|Any CPU.ActiveCfg = Release|Any CPU
		{CAE013FE-3666-4363-8054-61B28C1F7E7A}.Release|Any CPU.Build.0 = Release|Any CPU
		{6E2AD047-930A-48EA-9F0D-79B76CD4BAC0}.Debug|Any CPU.ActiveCfg = Debug|Any CPU
		{6E2AD047-930A-48EA-9F0D-79B76CD4BAC0}.Debug|Any CPU.Build.0 = Debug|Any CPU
		{6E2AD047-930A-48EA-9F0D-79B76CD4BAC0}.Release|Any CPU.ActiveCfg = Release|Any CPU
		{6E2AD047-930A-48EA-9F0D-79B76CD4BAC0}.Release|Any CPU.Build.0 = Release|Any CPU
	EndGlobalSection
	GlobalSection(SolutionProperties) = preSolution
		HideSolutionNode = FALSE
	EndGlobalSection
	GlobalSection(ExtensibilityGlobals) = postSolution
		SolutionGuid = {6833DA39-0D72-4AA6-ADA6-354CF3F89D3E}
	EndGlobalSection
EndGlobal
