
Microsoft Visual Studio Solution File, Format Version 12.00
# Visual Studio Version 17
VisualStudioVersion = 17.9.34701.34
MinimumVisualStudioVersion = 10.0.40219.1
Project("{9A19103F-16F7-4668-BE54-9A1E7A4F7556}") = "APICTEST", "APICTEST.csproj", "{29181346-EEBB-4BC3-BC41-7AD28D48FEA0}"
EndProject
Project("{9A19103F-16F7-4668-BE54-9A1E7A4F7556}") = "APIC", "..\APIC\APIC.csproj", "{FD9FEA11-2298-45B8-B3E8-E3F37EFD3023}"
EndProject
Global
	GlobalSection(SolutionConfigurationPlatforms) = preSolution
		Debug|Any CPU = Debug|Any CPU
		Release|Any CPU = Release|Any CPU
	EndGlobalSection
	GlobalSection(ProjectConfigurationPlatforms) = postSolution
		{29181346-EEBB-4BC3-BC41-7AD28D48FEA0}.Debug|Any CPU.ActiveCfg = Debug|Any CPU
		{29181346-EEBB-4BC3-BC41-7AD28D48FEA0}.Debug|Any CPU.Build.0 = Debug|Any CPU
		{29181346-EEBB-4BC3-BC41-7AD28D48FEA0}.Release|Any CPU.ActiveCfg = Release|Any CPU
		{29181346-EEBB-4BC3-BC41-7AD28D48FEA0}.Release|Any CPU.Build.0 = Release|Any CPU
		{FD9FEA11-2298-45B8-B3E8-E3F37EFD3023}.Debug|Any CPU.ActiveCfg = Debug|Any CPU
		{FD9FEA11-2298-45B8-B3E8-E3F37EFD3023}.Debug|Any CPU.Build.0 = Debug|Any CPU
		{FD9FEA11-2298-45B8-B3E8-E3F37EFD3023}.Release|Any CPU.ActiveCfg = Release|Any CPU
		{FD9FEA11-2298-45B8-B3E8-E3F37EFD3023}.Release|Any CPU.Build.0 = Release|Any CPU
	EndGlobalSection
	GlobalSection(SolutionProperties) = preSolution
		HideSolutionNode = FALSE
	EndGlobalSection
	GlobalSection(ExtensibilityGlobals) = postSolution
		SolutionGuid = {19C897BD-2E3D-42E0-82A4-1216DF2B2864}
	EndGlobalSection
EndGlobal
